// !$*UTF8*$!
{
	archiveVersion = 1;
	classes = {
	};
	objectVersion = 55;
	objects = {

/* Begin PBXBuildFile section */
		E91AEED52AB49736008CE82F /* tree.c in Sources */ = {isa = PBXBuildFile; fileRef = E91AEED42AB49736008CE82F /* tree.c */; };
		E98F9B7E2992A7E30046F425 /* main.c in Sources */ = {isa = PBXBuildFile; fileRef = E98F9B7D2992A7E30046F425 /* main.c */; };
		E9CD60592AAF546100D579DC /* table.c in Sources */ = {isa = PBXBuildFile; fileRef = E9CD60582AAF546100D579DC /* table.c */; };
/* End PBXBuildFile section */

/* Begin PBXCopyFilesBuildPhase section */
		E98F9B782992A7E30046F425 /* CopyFiles */ = {
			isa = PBXCopyFilesBuildPhase;
			buildActionMask = 2147483647;
			dstPath = /usr/share/man/man1/;
			dstSubfolderSpec = 0;
			files = (
			);
			runOnlyForDeploymentPostprocessing = 1;
		};
/* End PBXCopyFilesBuildPhase section */

/* Begin PBXFileReference section */
		E91AEED32AB49736008CE82F /* tree.h */ = {isa = PBXFileReference; lastKnownFileType = sourcecode.c.h; name = tree.h; path = BlackRedTree/tree.h; sourceTree = "<group>"; };
		E91AEED42AB49736008CE82F /* tree.c */ = {isa = PBXFileReference; lastKnownFileType = sourcecode.c.c; name = tree.c; path = BlackRedTree/tree.c; sourceTree = "<group>"; };
		E98F9B7A2992A7E30046F425 /* BlackRedTree */ = {isa = PBXFileReference; explicitFileType = "compiled.mach-o.executable"; includeInIndex = 0; path = BlackRedTree; sourceTree = BUILT_PRODUCTS_DIR; };
		E98F9B7D2992A7E30046F425 /* main.c */ = {isa = PBXFileReference; lastKnownFileType = sourcecode.c.c; path = main.c; sourceTree = "<group>"; };
		E9CD60572AAF546100D579DC /* table.h */ = {isa = PBXFileReference; lastKnownFileType = sourcecode.c.h; name = table.h; path = Table/table.h; sourceTree = "<group>"; };
		E9CD60582AAF546100D579DC /* table.c */ = {isa = PBXFileReference; lastKnownFileType = sourcecode.c.c; name = table.c; path = Table/table.c; sourceTree = "<group>"; };
/* End PBXFileReference section */

/* Begin PBXFrameworksBuildPhase section */
		E98F9B772992A7E30046F425 /* Frameworks */ = {
			isa = PBXFrameworksBuildPhase;
			buildActionMask = 2147483647;
			files = (
			);
			runOnlyForDeploymentPostprocessing = 0;
		};
/* End PBXFrameworksBuildPhase section */

/* Begin PBXGroup section */
		E98F9B712992A7E30046F425 = {
			isa = PBXGroup;
			children = (
				E91AEED32AB49736008CE82F /* tree.h */,
				E91AEED42AB49736008CE82F /* tree.c */,
				E98F9B7C2992A7E30046F425 /* BlackRedTree */,
				E98F9B7B2992A7E30046F425 /* Products */,
			);
			sourceTree = "<group>";
		};
		E98F9B7B2992A7E30046F425 /* Products */ = {
			isa = PBXGroup;
			children = (
				E98F9B7A2992A7E30046F425 /* BlackRedTree */,
			);
			name = Products;
			sourceTree = "<group>";
		};
		E98F9B7C2992A7E30046F425 /* BlackRedTree */ = {
			isa = PBXGroup;
			children = (
				E9CD60572AAF546100D579DC /* table.h */,
				E9CD60582AAF546100D579DC /* table.c */,
				E98F9B7D2992A7E30046F425 /* main.c */,
			);
			path = BlackRedTree;
			sourceTree = "<group>";
		};
/* End PBXGroup section */

/* Begin PBXNativeTarget section */
		E98F9B792992A7E30046F425 /* BlackRedTree */ = {
			isa = PBXNativeTarget;
			buildConfigurationList = E98F9B812992A7E30046F425 /* Build configuration list for PBXNativeTarget "BlackRedTree" */;
			buildPhases = (
				E98F9B762992A7E30046F425 /* Sources */,
				E98F9B772992A7E30046F425 /* Frameworks */,
				E98F9B782992A7E30046F425 /* CopyFiles */,
			);
			buildRules = (
			);
			dependencies = (
			);
			name = BlackRedTree;
			productName = BlackRedTree;
			productReference = E98F9B7A2992A7E30046F425 /* BlackRedTree */;
			productType = "com.apple.product-type.tool";
		};
/* End PBXNativeTarget section */

/* Begin PBXProject section */
		E98F9B722992A7E30046F425 /* Project object */ = {
			isa = PBXProject;
			attributes = {
				BuildIndependentTargetsInParallel = 1;
				LastUpgradeCheck = 1330;
				TargetAttributes = {
					E98F9B792992A7E30046F425 = {
						CreatedOnToolsVersion = 13.3;
					};
				};
			};
			buildConfigurationList = E98F9B752992A7E30046F425 /* Build configuration list for PBXProject "BlackRedTree" */;
			compatibilityVersion = "Xcode 13.0";
			developmentRegion = en;
			hasScannedForEncodings = 0;
			knownRegions = (
				en,
				Base,
			);
			mainGroup = E98F9B712992A7E30046F425;
			productRefGroup = E98F9B7B2992A7E30046F425 /* Products */;
			projectDirPath = "";
			projectRoot = "";
			targets = (
				E98F9B792992A7E30046F425 /* BlackRedTree */,
			);
		};
/* End PBXProject section */

/* Begin PBXSourcesBuildPhase section */
		E98F9B762992A7E30046F425 /* Sources */ = {
			isa = PBXSourcesBuildPhase;
			buildActionMask = 2147483647;
			files = (
				E91AEED52AB49736008CE82F /* tree.c in Sources */,
				E9CD60592AAF546100D579DC /* table.c in Sources */,
				E98F9B7E2992A7E30046F425 /* main.c in Sources */,
			);
			runOnlyForDeploymentPostprocessing = 0;
		};
/* End PBXSourcesBuildPhase section */

/* Begin XCBuildConfiguration section */
		E98F9B7F2992A7E30046F425 /* Debug */ = {
			isa = XCBuildConfiguration;
			buildSettings = {
				ALWAYS_SEARCH_USER_PATHS = NO;
				CLANG_ANALYZER_NONNULL = YES;
				CLANG_ANALYZER_NUMBER_OBJECT_CONVERSION = YES_AGGRESSIVE;
				CLANG_CXX_LANGUAGE_STANDARD = "gnu++17";
				CLANG_ENABLE_MODULES = YES;
				CLANG_ENABLE_OBJC_ARC = YES;
				CLANG_ENABLE_OBJC_WEAK = YES;
				CLANG_WARN_BLOCK_CAPTURE_AUTORELEASING = YES;
				CLANG_WARN_BOOL_CONVERSION = YES;
				CLANG_WARN_COMMA = YES;
				CLANG_WARN_CONSTANT_CONVERSION = YES;
				CLANG_WARN_DEPRECATED_OBJC_IMPLEMENTATIONS = YES;
				CLANG_WARN_DIRECT_OBJC_ISA_USAGE = YES_ERROR;
				CLANG_WARN_DOCUMENTATION_COMMENTS = YES;
				CLANG_WARN_EMPTY_BODY = YES;
				CLANG_WARN_ENUM_CONVERSION = YES;
				CLANG_WARN_INFINITE_RECURSION = YES;
				CLANG_WARN_INT_CONVERSION = YES;
				CLANG_WARN_NON_LITERAL_NULL_CONVERSION = YES;
				CLANG_WARN_OBJC_IMPLICIT_RETAIN_SELF = YES;
				CLANG_WARN_OBJC_LITERAL_CONVERSION = YES;
				CLANG_WARN_OBJC_ROOT_CLASS = YES_ERROR;
				CLANG_WARN_QUOTED_INCLUDE_IN_FRAMEWORK_HEADER = YES;
				CLANG_WARN_RANGE_LOOP_ANALYSIS = YES;
				CLANG_WARN_STRICT_PROTOTYPES = YES;
				CLANG_WARN_SUSPICIOUS_MOVE = YES;
				CLANG_WARN_UNGUARDED_AVAILABILITY = YES_AGGRESSIVE;
				CLANG_WARN_UNREACHABLE_CODE = YES;
				CLANG_WARN__DUPLICATE_METHOD_MATCH = YES;
				COPY_PHASE_STRIP = NO;
				DEBUG_INFORMATION_FORMAT = dwarf;
				ENABLE_STRICT_OBJC_MSGSEND = YES;
				ENABLE_TESTABILITY = YES;
				GCC_C_LANGUAGE_STANDARD = gnu11;
				GCC_DYNAMIC_NO_PIC = NO;
				GCC_NO_COMMON_BLOCKS = YES;
				GCC_OPTIMIZATION_LEVEL = 0;
				GCC_PREPROCESSOR_DEFINITIONS = (
					"DEBUG=1",
					"$(inherited)",
				);
				GCC_WARN_64_TO_32_BIT_CONVERSION = YES;
				GCC_WARN_ABOUT_RETURN_TYPE = YES_ERROR;
				GCC_WARN_UNDECLARED_SELECTOR = YES;
				GCC_WARN_UNINITIALIZED_AUTOS = YES_AGGRESSIVE;
				GCC_WARN_UNUSED_FUNCTION = YES;
				GCC_WARN_UNUSED_VARIABLE = YES;
				MACOSX_DEPLOYMENT_TARGET = 12.1;
				MTL_ENABLE_DEBUG_INFO = INCLUDE_SOURCE;
				MTL_FAST_MATH = YES;
				ONLY_ACTIVE_ARCH = YES;
				SDKROOT = macosx;
			};
			name = Debug;
		};
		E98F9B802992A7E30046F425 /* Release */ = {
			isa = XCBuildConfiguration;
			buildSettings = {
				ALWAYS_SEARCH_USER_PATHS = NO;
				CLANG_ANALYZER_NONNULL = YES;
				CLANG_ANALYZER_NUMBER_OBJECT_CONVERSION = YES_AGGRESSIVE;
				CLANG_CXX_LANGUAGE_STANDARD = "gnu++17";
				CLANG_ENABLE_MODULES = YES;
				CLANG_ENABLE_OBJC_ARC = YES;
				CLANG_ENABLE_OBJC_WEAK = YES;
				CLANG_WARN_BLOCK_CAPTURE_AUTORELEASING = YES;
				CLANG_WARN_BOOL_CONVERSION = YES;
				CLANG_WARN_COMMA = YES;
				CLANG_WARN_CONSTANT_CONVERSION = YES;
				CLANG_WARN_DEPRECATED_OBJC_IMPLEMENTATIONS = YES;
				CLANG_WARN_DIRECT_OBJC_ISA_USAGE = YES_ERROR;
				CLANG_WARN_DOCUMENTATION_COMMENTS = YES;
				CLANG_WARN_EMPTY_BODY = YES;
				CLANG_WARN_ENUM_CONVERSION = YES;
				CLANG_WARN_INFINITE_RECURSION = YES;
				CLANG_WARN_INT_CONVERSION = YES;
				CLANG_WARN_NON_LITERAL_NULL_CONVERSION = YES;
				CLANG_WARN_OBJC_IMPLICIT_RETAIN_SELF = YES;
				CLANG_WARN_OBJC_LITERAL_CONVERSION = YES;
				CLANG_WARN_OBJC_ROOT_CLASS = YES_ERROR;
				CLANG_WARN_QUOTED_INCLUDE_IN_FRAMEWORK_HEADER = YES;
				CLANG_WARN_RANGE_LOOP_ANALYSIS = YES;
				CLANG_WARN_STRICT_PROTOTYPES = YES;
				CLANG_WARN_SUSPICIOUS_MOVE = YES;
				CLANG_WARN_UNGUARDED_AVAILABILITY = YES_AGGRESSIVE;
				CLANG_WARN_UNREACHABLE_CODE = YES;
				CLANG_WARN__DUPLICATE_METHOD_MATCH = YES;
				COPY_PHASE_STRIP = NO;
				DEBUG_INFORMATION_FORMAT = "dwarf-with-dsym";
				ENABLE_NS_ASSERTIONS = NO;
				ENABLE_STRICT_OBJC_MSGSEND = YES;
				GCC_C_LANGUAGE_STANDARD = gnu11;
				GCC_NO_COMMON_BLOCKS = YES;
				GCC_WARN_64_TO_32_BIT_CONVERSION = YES;
				GCC_WARN_ABOUT_RETURN_TYPE = YES_ERROR;
				GCC_WARN_UNDECLARED_SELECTOR = YES;
				GCC_WARN_UNINITIALIZED_AUTOS = YES_AGGRESSIVE;
				GCC_WARN_UNUSED_FUNCTION = YES;
				GCC_WARN_UNUSED_VARIABLE = YES;
				MACOSX_DEPLOYMENT_TARGET = 12.1;
				MTL_ENABLE_DEBUG_INFO = NO;
				MTL_FAST_MATH = YES;
				SDKROOT = macosx;
			};
			name = Release;
		};
		E98F9B822992A7E30046F425 /* Debug */ = {
			isa = XCBuildConfiguration;
			buildSettings = {
				CODE_SIGN_STYLE = Automatic;
				PRODUCT_NAME = "$(TARGET_NAME)";
			};
			name = Debug;
		};
		E98F9B832992A7E30046F425 /* Release */ = {
			isa = XCBuildConfiguration;
			buildSettings = {
				CODE_SIGN_STYLE = Automatic;
				PRODUCT_NAME = "$(TARGET_NAME)";
			};
			name = Release;
		};
/* End XCBuildConfiguration section */

/* Begin XCConfigurationList section */
		E98F9B752992A7E30046F425 /* Build configuration list for PBXProject "BlackRedTree" */ = {
			isa = XCConfigurationList;
			buildConfigurations = (
				E98F9B7F2992A7E30046F425 /* Debug */,
				E98F9B802992A7E30046F425 /* Release */,
			);
			defaultConfigurationIsVisible = 0;
			defaultConfigurationName = Release;
		};
		E98F9B812992A7E30046F425 /* Build configuration list for PBXNativeTarget "BlackRedTree" */ = {
			isa = XCConfigurationList;
			buildConfigurations = (
				E98F9B822992A7E30046F425 /* Debug */,
				E98F9B832992A7E30046F425 /* Release */,
			);
			defaultConfigurationIsVisible = 0;
			defaultConfigurationName = Release;
		};
/* End XCConfigurationList section */
	};
	rootObject = E98F9B722992A7E30046F425 /* Project object */;
}
